
Microsoft Visual Studio Solution File, Format Version 12.00
# Visual Studio Version 16
VisualStudioVersion = 16.0.31911.196
MinimumVisualStudioVersion = 10.0.40219.1
Project("{FAE04EC0-301F-11D3-BF4B-00C04F79EFBC}") = "CsharpConsole", "CsharpConsole\CsharpConsole.csproj", "{527458FF-26E3-414A-ACA4-C219213C85EE}"
EndProject
Global
	GlobalSection(SolutionConfigurationPlatforms) = preSolution
		Debug|Any CPU = Debug|Any CPU
		Release|Any CPU = Release|Any CPU
	EndGlobalSection
	GlobalSection(ProjectConfigurationPlatforms) = postSolution
		{527458FF-26E3-414A-ACA4-C219213C85EE}.Debug|Any CPU.ActiveCfg = Debug|Any CPU
		{527458FF-26E3-414A-ACA4-C219213C85EE}.Debug|Any CPU.Build.0 = Debug|Any CPU
		{527458FF-26E3-414A-ACA4-C219213C85EE}.Release|Any CPU.ActiveCfg = Release|Any CPU
		{527458FF-26E3-414A-ACA4-C219213C85EE}.Release|Any CPU.Build.0 = Release|Any CPU
	EndGlobalSection
	GlobalSection(SolutionProperties) = preSolution
		HideSolutionNode = FALSE
	EndGlobalSection
	GlobalSection(ExtensibilityGlobals) = postSolution
		SolutionGuid = {ACCE27C6-5E24-498A-B3BB-5B41191CE3AA}
	EndGlobalSection
EndGlobal
